
Microsoft Visual Studio Solution File, Format Version 12.00
# Visual Studio 14
VisualStudioVersion = 14.0.25420.1
MinimumVisualStudioVersion = 10.0.40219.1
Project("{FAE04EC0-301F-11D3-BF4B-00C04F79EFBC}") = "DevBian.DataCache", "DevBian.DataCache\DevBian.DataCache.csproj", "{67647E3F-A6E9-49C7-A72B-C401492E7FBC}"
EndProject
Project("{FAE04EC0-301F-11D3-BF4B-00C04F79EFBC}") = "DevBian.DemoWebSite", "DevBian.DemoWebSite\DevBian.DemoWebSite.csproj", "{1A0135FC-0A60-4624-84CC-A636BC1877A9}"
EndProject
Global
	GlobalSection(SolutionConfigurationPlatforms) = preSolution
		Debug|Any CPU = Debug|Any CPU
		Release|Any CPU = Release|Any CPU
	EndGlobalSection
	GlobalSection(ProjectConfigurationPlatforms) = postSolution
		{67647E3F-A6E9-49C7-A72B-C401492E7FBC}.Debug|Any CPU.ActiveCfg = Debug|Any CPU
		{67647E3F-A6E9-49C7-A72B-C401492E7FBC}.Debug|Any CPU.Build.0 = Debug|Any CPU
		{67647E3F-A6E9-49C7-A72B-C401492E7FBC}.Release|Any CPU.ActiveCfg = Release|Any CPU
		{67647E3F-A6E9-49C7-A72B-C401492E7FBC}.Release|Any CPU.Build.0 = Release|Any CPU
		{1A0135FC-0A60-4624-84CC-A636BC1877A9}.Debug|Any CPU.ActiveCfg = Debug|Any CPU
		{1A0135FC-0A60-4624-84CC-A636BC1877A9}.Debug|Any CPU.Build.0 = Debug|Any CPU
		{1A0135FC-0A60-4624-84CC-A636BC1877A9}.Release|Any CPU.ActiveCfg = Release|Any CPU
		{1A0135FC-0A60-4624-84CC-A636BC1877A9}.Release|Any CPU.Build.0 = Release|Any CPU
	EndGlobalSection
	GlobalSection(SolutionProperties) = preSolution
		HideSolutionNode = FALSE
	EndGlobalSection
EndGlobal
